{
  "version": "5",
  "specifiers": {
    "jsr:@danet/core@2": "2.10.0",
    "jsr:@danet/core@^2.5.1": "2.10.0",
    "jsr:@danet/swagger@^2.1.1": "2.3.2",
    "jsr:@danet/validatte@0.7.4": "0.7.4",
    "jsr:@danet/zod@0.0.7": "0.0.7",
    "jsr:@dx/reflect@0.2.14": "0.2.14",
    "jsr:@hono/hono@4.6.3": "4.6.3",
    "jsr:@mrg-keystone/keep@1": "1.22.0",
    "jsr:@std/assert@*": "1.0.19",
    "jsr:@std/fmt@0.223.0": "0.223.0",
    "jsr:@std/internal@^1.0.12": "1.0.14",
    "jsr:@std/path@*": "1.0.6",
    "jsr:@std/path@1.0.6": "1.0.6",
    "npm:@anatine/zod-openapi@2.2.6": "2.2.6_openapi3-ts@4.6.0_zod@3.23.8",
    "npm:awesome-phonenumber@7.1.0": "7.1.0",
    "npm:class-transformer@0.5": "0.5.1",
    "npm:class-validator@0.14": "0.14.4",
    "npm:jose@5": "5.10.0",
    "npm:path-to-regexp@6.2.1": "6.2.1",
    "npm:playwright@^1.49.0": "1.60.0",
    "npm:reflect-metadata@0.1.13": "0.1.13",
    "npm:reflect-metadata@0.2": "0.2.2",
    "npm:zod@3": "3.23.8",
    "npm:zod@3.23.8": "3.23.8"
  },
  "jsr": {
    "@danet/core@2.10.0": {
      "integrity": "309ec39d31ea50dbe1de16fb55818da6a903c75ae8222780dcbc3cd715c5e152",
      "dependencies": [
        "jsr:@danet/validatte",
        "jsr:@dx/reflect",
        "jsr:@hono/hono",
        "jsr:@std/fmt"
      ]
    },
    "@danet/swagger@2.3.2": {
      "integrity": "3c6dbc0eff37ce9fa9bf338f1876e607264d895efcc41ac8726da417f26e9658",
      "dependencies": [
        "jsr:@danet/core@2",
        "jsr:@danet/zod",
        "jsr:@std/path@1.0.6",
        "npm:@anatine/zod-openapi",
        "npm:path-to-regexp",
        "npm:zod@3.23.8"
      ]
    },
    "@danet/validatte@0.7.4": {
      "integrity": "338bca670a5af1dd42214fcde0912de37d9a9d3ce1415cd2abdb6b1c27c46f89",
      "dependencies": [
        "npm:awesome-phonenumber"
      ]
    },
    "@danet/zod@0.0.7": {
      "integrity": "1ce7c696b69bff6bbbd788bd4a5955cd24e8c5a8cb117c57dabb03e31968bbee",
      "dependencies": [
        "jsr:@danet/core@^2.5.1",
        "npm:zod@3.23.8"
      ]
    },
    "@dx/reflect@0.2.14": {
      "integrity": "53e1cb54e25170f43d90966679fcd7d6e0d27e23f4f1c869330d339576f446be"
    },
    "@hono/hono@4.6.3": {
      "integrity": "a1f5a18cd12a0db54755b0461dd5a4e2d93a6f85403073eb710103eacc42daf3"
    },
    "@mrg-keystone/keep@1.22.0": {
      "integrity": "11913c7e74515c0a3da38459847a2f20a5153a549f8543f47a8b0acb8e7e0c1c",
      "dependencies": [
        "jsr:@danet/core@2",
        "jsr:@danet/swagger",
        "jsr:@hono/hono",
        "npm:class-transformer",
        "npm:class-validator",
        "npm:jose",
        "npm:playwright",
        "npm:reflect-metadata@0.1.13",
        "npm:zod@3"
      ]
    },
    "@std/assert@1.0.19": {
      "integrity": "eaada96ee120cb980bc47e040f82814d786fe8162ecc53c91d8df60b8755991e",
      "dependencies": [
        "jsr:@std/internal"
      ]
    },
    "@std/fmt@0.223.0": {
      "integrity": "6deb37794127dfc7d7bded2586b9fc6f5d50e62a8134846608baf71ffc1a5208"
    },
    "@std/internal@1.0.14": {
      "integrity": "291516b3d4c35024d6ffbc0a9df5bf4c64116e05b50012cf846710152d2ffdf7"
    },
    "@std/path@1.0.6": {
      "integrity": "ab2c55f902b380cf28e0eec501b4906e4c1960d13f00e11cfbcd21de15f18fed"
    }
  },
  "npm": {
    "@anatine/zod-openapi@2.2.6_openapi3-ts@4.6.0_zod@3.23.8": {
      "integrity": "sha512-Z5sr2Nq2xifEpPbPdUcvyl776LY652oR3VHMV++WFSmRrRL8RDP2XTkbuGn+vgfVNOD7UrndYwCWnxaiw7IZog==",
      "dependencies": [
        "openapi3-ts",
        "ts-deepmerge",
        "zod"
      ]
    },
    "@types/validator@13.15.10": {
      "integrity": "sha512-T8L6i7wCuyoK8A/ZeLYt1+q0ty3Zb9+qbSSvrIVitzT3YjZqkTZ40IbRsPanlB4h1QB3JVL1SYCdR6ngtFYcuA=="
    },
    "awesome-phonenumber@7.1.0": {
      "integrity": "sha512-i/pC5xvaNVrduufGtnw8O+abLWq70wd6YutiPYR2NqrnwtjBMk7rG/vJTktnAivSok+ZqlkFZzuVICgObpQi4w=="
    },
    "class-transformer@0.5.1": {
      "integrity": "sha512-SQa1Ws6hUbfC98vKGxZH3KFY0Y1lm5Zm0SY8XX9zbK7FJCyVEac3ATW0RIpwzW+oOfmHE5PMPufDG9hCfoEOMw=="
    },
    "class-validator@0.14.4": {
      "integrity": "sha512-AwNusCCam51q703dW82x95tOqQp6oC9HNUl724KxJJOfnKscI8dOloXFgyez7LbTTKWuRBA37FScqVbJEoq8Yw==",
      "dependencies": [
        "@types/validator",
        "libphonenumber-js",
        "validator"
      ]
    },
    "fsevents@2.3.2": {
      "integrity": "sha512-xiqMQR4xAeHTuB9uWm+fFRcIOgKBMiOBP+eXiyT7jsgVCq1bkVygt00oASowB7EdtpOHaaPgKt812P9ab+DDKA==",
      "os": ["darwin"],
      "scripts": true
    },
    "jose@5.10.0": {
      "integrity": "sha512-s+3Al/p9g32Iq+oqXxkW//7jk2Vig6FF1CFqzVXoTUXt2qz89YWbL+OwS17NFYEvxC35n0FKeGO2LGYSxeM2Gg=="
    },
    "libphonenumber-js@1.13.6": {
      "integrity": "sha512-NdB6O6QvlGMCoG003m0YIKG2+Xw7DjmCZhmc1RH+K6HncADUbRf8TZeLegxBBN1VFyPHcNpPTKpIhYLXzJVy1Q=="
    },
    "openapi3-ts@4.6.0": {
      "integrity": "sha512-a4sfn6L2sIShhtzJqmjGrARvxAW/3F2BJDdyRVvNF9VhAsZSh5hSyI3a9TNvmzBxXmq66nY5LNT5bQcBxYAZZg==",
      "dependencies": [
        "yaml"
      ]
    },
    "path-to-regexp@6.2.1": {
      "integrity": "sha512-JLyh7xT1kizaEvcaXOQwOc2/Yhw6KZOvPf1S8401UyLk86CU79LN3vl7ztXGm/pZ+YjoyAJ4rxmHwbkBXJX+yw=="
    },
    "playwright-core@1.60.0": {
      "integrity": "sha512-9bW6zvX/m0lEbgTKJ6YppOKx8H3VOPBMOCFh2irXFOT4BbHgrx5hPjwJYLT40Lu+4qtD36qKc/Hn56StUW57IA==",
      "bin": true
    },
    "playwright@1.60.0": {
      "integrity": "sha512-hheHdokM8cdqCb0lcE3s+zT4t4W+vvjpGxsZlDnikarzx8tSzMebh3UiFtgqwFwnTnjYQcsyMF8ei2mCO/tpeA==",
      "dependencies": [
        "playwright-core"
      ],
      "optionalDependencies": [
        "fsevents"
      ],
      "bin": true
    },
    "reflect-metadata@0.1.13": {
      "integrity": "sha512-Ts1Y/anZELhSsjMcU605fU9RE4Oi3p5ORujwbIKXfWa+0Zxs510Qrmrce5/Jowq3cHSZSJqBjypxmHarc+vEWg=="
    },
    "reflect-metadata@0.2.2": {
      "integrity": "sha512-urBwgfrvVP/eAyXx4hluJivBKzuEbSQs9rKWCrCkbSxNv8mxPcUZKeuoF3Uy4mJl3Lwprp6yy5/39VWigZ4K6Q=="
    },
    "ts-deepmerge@6.2.1": {
      "integrity": "sha512-8CYSLazCyj0DJDpPIxOFzJG46r93uh6EynYjuey+bxcLltBeqZL7DMfaE5ZPzZNFlav7wx+2TDa/mBl8gkTYzw=="
    },
    "validator@13.15.35": {
      "integrity": "sha512-TQ5pAGhd5whStmqWvYF4OjQROlmv9SMFVt37qoCBdqRffuuklWYQlCNnEs2ZaIBD1kZRNnikiZOS1eqgkar0iw=="
    },
    "yaml@2.9.0": {
      "integrity": "sha512-2AvhNX3mb8zd6Zy7INTtSpl1F15HW6Wnqj0srWlkKLcpYl/gMIMJiyuGq2KeI2YFxUPjdlB+3Lc10seMLtL4cA==",
      "bin": true
    },
    "zod@3.23.8": {
      "integrity": "sha512-XBx9AXhXktjUqnepgTiE5flcKIYWi/rme0Eaj+5Y0lftuGBq+jyRu/md4WnuxqgP1ubdpNCsYEYPxrzVHD8d6g=="
    }
  },
  "workspace": {
    "dependencies": [
      "jsr:@danet/swagger@^2.1.1",
      "jsr:@mrg-keystone/keep@1",
      "jsr:@std/assert@*",
      "jsr:@std/path@*",
      "npm:class-transformer@0.5",
      "npm:class-validator@0.14",
      "npm:reflect-metadata@0.2"
    ]
  }
}
